
Microsoft Visual Studio Solution File, Format Version 12.00
# Visual Studio Version 17
VisualStudioVersion = 17.14.36414.22 d17.14
MinimumVisualStudioVersion = 10.0.40219.1
Project("{FAE04EC0-301F-11D3-BF4B-00C04F79EFBC}") = "UsefulMethods", "UsefulMethods.csproj", "{02A5F3CB-DB08-49CF-8F65-91563589F801}"
EndProject
Global
	GlobalSection(SolutionConfigurationPlatforms) = preSolution
		Debug|Any CPU = Debug|Any CPU
		Release|Any CPU = Release|Any CPU
	EndGlobalSection
	GlobalSection(ProjectConfigurationPlatforms) = postSolution
		{02A5F3CB-DB08-49CF-8F65-91563589F801}.Debug|Any CPU.ActiveCfg = Debug|Any CPU
		{02A5F3CB-DB08-49CF-8F65-91563589F801}.Debug|Any CPU.Build.0 = Debug|Any CPU
		{02A5F3CB-DB08-49CF-8F65-91563589F801}.Release|Any CPU.ActiveCfg = Release|Any CPU
		{02A5F3CB-DB08-49CF-8F65-91563589F801}.Release|Any CPU.Build.0 = Release|Any CPU
	EndGlobalSection
	GlobalSection(SolutionProperties) = preSolution
		HideSolutionNode = FALSE
	EndGlobalSection
	GlobalSection(ExtensibilityGlobals) = postSolution
		SolutionGuid = {8ACA6127-3C62-4731-94EB-9186309A845B}
	EndGlobalSection
EndGlobal
